
Microsoft Visual Studio Solution File, Format Version 12.00
# Visual Studio Version 16
VisualStudioVersion = 16.0.31702.278
MinimumVisualStudioVersion = 10.0.40219.1
Project("{8BC9CEB8-8B4A-11D0-8D11-00A0C91BC942}") = "T4", "T4\T4.vcxproj", "{DF68E7EF-7E53-4C55-8B59-F21F538B95A4}"
EndProject
Global
	GlobalSection(SolutionConfigurationPlatforms) = preSolution
		Debug|x64 = Debug|x64
		Debug|x86 = Debug|x86
		Release|x64 = Release|x64
		Release|x86 = Release|x86
	EndGlobalSection
	GlobalSection(ProjectConfigurationPlatforms) = postSolution
		{DF68E7EF-7E53-4C55-8B59-F21F538B95A4}.Debug|x64.ActiveCfg = Debug|x64
		{DF68E7EF-7E53-4C55-8B59-F21F538B95A4}.Debug|x64.Build.0 = Debug|x64
		{DF68E7EF-7E53-4C55-8B59-F21F538B95A4}.Debug|x86.ActiveCfg = Debug|Win32
		{DF68E7EF-7E53-4C55-8B59-F21F538B95A4}.Debug|x86.Build.0 = Debug|Win32
		{DF68E7EF-7E53-4C55-8B59-F21F538B95A4}.Release|x64.ActiveCfg = Release|x64
		{DF68E7EF-7E53-4C55-8B59-F21F538B95A4}.Release|x64.Build.0 = Release|x64
		{DF68E7EF-7E53-4C55-8B59-F21F538B95A4}.Release|x86.ActiveCfg = Release|Win32
		{DF68E7EF-7E53-4C55-8B59-F21F538B95A4}.Release|x86.Build.0 = Release|Win32
	EndGlobalSection
	GlobalSection(SolutionProperties) = preSolution
		HideSolutionNode = FALSE
	EndGlobalSection
	GlobalSection(ExtensibilityGlobals) = postSolution
		SolutionGuid = {D44811D2-FE97-4283-B01E-D429B8DE4BCD}
	EndGlobalSection
EndGlobal
